
Microsoft Visual Studio Solution File, Format Version 12.00
# Visual Studio Version 16
VisualStudioVersion = 16.0.31624.102
MinimumVisualStudioVersion = 10.0.40219.1
Project("{FAE04EC0-301F-11D3-BF4B-00C04F79EFBC}") = "WindowsClient_20181COM0065", "WindowsClient_20181COM0065.csproj", "{7BD1AB61-0700-46ED-B788-B8274808A323}"
EndProject
Global
	GlobalSection(SolutionConfigurationPlatforms) = preSolution
		Debug|Any CPU = Debug|Any CPU
		Release|Any CPU = Release|Any CPU
	EndGlobalSection
	GlobalSection(ProjectConfigurationPlatforms) = postSolution
		{7BD1AB61-0700-46ED-B788-B8274808A323}.Debug|Any CPU.ActiveCfg = Debug|Any CPU
		{7BD1AB61-0700-46ED-B788-B8274808A323}.Debug|Any CPU.Build.0 = Debug|Any CPU
		{7BD1AB61-0700-46ED-B788-B8274808A323}.Release|Any CPU.ActiveCfg = Release|Any CPU
		{7BD1AB61-0700-46ED-B788-B8274808A323}.Release|Any CPU.Build.0 = Release|Any CPU
	EndGlobalSection
	GlobalSection(SolutionProperties) = preSolution
		HideSolutionNode = FALSE
	EndGlobalSection
	GlobalSection(ExtensibilityGlobals) = postSolution
		SolutionGuid = {6E278D3D-A8AE-4548-AC0C-24CDBF45C341}
	EndGlobalSection
EndGlobal
